name: Clear an inspected failed production apply lock

on:
  workflow_dispatch:
    inputs:
      failed_run_id:
        description: Exact failed GitHub Actions run ID
        required: true
        type: string
      confirmation:
        description: Enter clear-lock:<failed_run_id>
        required: true
        type: string

permissions:
  contents: read
  id-token: write

concurrency:
  group: ansible-production
  cancel-in-progress: false

env:
  ANSIBLE_HOST_KEY_CHECKING: "true"
  ANSIBLE_NOCOLOR: "1"
  PIP_DISABLE_PIP_VERSION_CHECK: "1"

jobs:
  clear:
    name: Clear only the inspected empty failed lock
    if: vars.APPLY_LOCK_CLEAR_ENABLED == 'true' && github.ref == 'refs/heads/main'
    runs-on: ubuntu-24.04
    timeout-minutes: 20
    environment: infrastructure-apply

    steps:
      - name: Check out the exact main commit
        uses: actions/checkout@3d3c42e5aac5ba805825da76410c181273ba90b1 # v7
        with:
          persist-credentials: false
          ref: ${{ github.sha }}

      - name: Require typed failed-run confirmation
        env:
          FAILED_RUN_ID: ${{ inputs.failed_run_id }}
          CONFIRMATION: ${{ inputs.confirmation }}
        shell: bash
        run: |
          set -euo pipefail
          [[ $FAILED_RUN_ID =~ ^[0-9]+$ ]]
          [[ $CONFIRMATION == "clear-lock:$FAILED_RUN_ID" ]]

      - name: Prepare the restricted apply controller
        uses: ./.github/actions/ansible-controller
        with:
          oauth-client-id: ${{ vars.TS_OAUTH_CLIENT_ID }}
          audience: ${{ vars.TS_AUDIENCE }}
          tags: tag:ci-apply
          target-ip: docker-host
          host-key-fingerprint: SHA256:2wHl3xsBkNYprqP99usjZdwj2Rytcc+MtJVErhowVYw
          accept-subnet-routes: "false"

      - name: Validate and review the exact lock clearance
        id: plan
        working-directory: ansible
        shell: bash
        run: |
          set -euo pipefail
          ansible-playbook -i inventory/production.yml \
            --syntax-check playbooks/clear-failed-apply-lock.yml
          plan_log="$RUNNER_TEMP/failed-lock-clear-plan.log"
          ansible-playbook -i inventory/production.yml \
            playbooks/clear-failed-apply-lock.yml --check --diff | tee "$plan_log"
          recap=$(python ../.github/scripts/parse-ansible-recap.py \
            "$plan_log" docker-host-production)
          [[ $(jq -r '.changed' <<<"$recap") == 1 ]]
          [[ $(jq -r '.unreachable' <<<"$recap") == 0 ]]
          [[ $(jq -r '.failed' <<<"$recap") == 0 ]]
          echo "recap=$recap" >>"$GITHUB_OUTPUT"

      - name: Remove only the inspected empty failed lock
        id: apply
        working-directory: ansible
        shell: bash
        run: |
          set -euo pipefail
          apply_log="$RUNNER_TEMP/failed-lock-clear-apply.log"
          ansible-playbook -i inventory/production.yml \
            playbooks/clear-failed-apply-lock.yml \
            -e iac_lock_clear_confirmed=true | tee "$apply_log"
          recap=$(python ../.github/scripts/parse-ansible-recap.py \
            "$apply_log" docker-host-production)
          [[ $(jq -r '.unreachable' <<<"$recap") == 0 ]]
          [[ $(jq -r '.failed' <<<"$recap") == 0 ]]
          echo "recap=$recap" >>"$GITHUB_OUTPUT"

      - name: Require lock absence after clearance
        id: postcheck
        working-directory: ansible
        shell: bash
        run: |
          set -euo pipefail
          post_log="$RUNNER_TEMP/failed-lock-clear-post.log"
          ansible -i inventory/production.yml docker_host \
            -b -m ansible.builtin.stat \
            -a 'path=/var/lib/iac-ansible-production.lock get_checksum=false get_mime=false' \
            | tee "$post_log"
          grep -q '"exists": false' "$post_log"

      - name: Summarize failed-lock clearance
        env:
          FAILED_RUN_ID: ${{ inputs.failed_run_id }}
          PLAN_RECAP: ${{ steps.plan.outputs.recap }}
          APPLY_RECAP: ${{ steps.apply.outputs.recap }}
        shell: bash
        run: |
          {
            echo "### Failed production apply lock clearance"
            echo
            echo "- Failed run: \`$FAILED_RUN_ID\`"
            echo "- Reviewed plan: \`$PLAN_RECAP\`"
            echo "- Clearance: \`$APPLY_RECAP\`"
            echo "- Post-check: lock absent"
          } >>"$GITHUB_STEP_SUMMARY"
